
Microsoft Visual Studio Solution File, Format Version 12.00
# Visual Studio Version 16
VisualStudioVersion = 16.0.31702.278
MinimumVisualStudioVersion = 10.0.40219.1
Project("{F184B08F-C81C-45F6-A57F-5ABD9991F28F}") = "Student Evaluation System", "Student Evaluation System\Student Evaluation System.vbproj", "{DB38CE30-CBE0-4EDA-881B-BC7E5A1BC948}"
EndProject
Global
	GlobalSection(SolutionConfigurationPlatforms) = preSolution
		Debug|Any CPU = Debug|Any CPU
		Release|Any CPU = Release|Any CPU
	EndGlobalSection
	GlobalSection(ProjectConfigurationPlatforms) = postSolution
		{DB38CE30-CBE0-4EDA-881B-BC7E5A1BC948}.Debug|Any CPU.ActiveCfg = Debug|Any CPU
		{DB38CE30-CBE0-4EDA-881B-BC7E5A1BC948}.Debug|Any CPU.Build.0 = Debug|Any CPU
		{DB38CE30-CBE0-4EDA-881B-BC7E5A1BC948}.Release|Any CPU.ActiveCfg = Release|Any CPU
		{DB38CE30-CBE0-4EDA-881B-BC7E5A1BC948}.Release|Any CPU.Build.0 = Release|Any CPU
	EndGlobalSection
	GlobalSection(SolutionProperties) = preSolution
		HideSolutionNode = FALSE
	EndGlobalSection
	GlobalSection(ExtensibilityGlobals) = postSolution
		SolutionGuid = {B8E1EDCA-25BA-4DA6-A71A-64E803F802EA}
	EndGlobalSection
EndGlobal
